
Microsoft Visual Studio Solution File, Format Version 12.00
# Visual Studio Version 17
VisualStudioVersion = 17.10.35013.160
MinimumVisualStudioVersion = 10.0.40219.1
Project("{FAE04EC0-301F-11D3-BF4B-00C04F79EFBC}") = "PrimeiroApp", "PrimeiroApp\PrimeiroApp.csproj", "{D0F8BBB5-CE51-46C5-AADB-558ADBF36102}"
EndProject
Global
	GlobalSection(SolutionConfigurationPlatforms) = preSolution
		Debug|Any CPU = Debug|Any CPU
		Release|Any CPU = Release|Any CPU
	EndGlobalSection
	GlobalSection(ProjectConfigurationPlatforms) = postSolution
		{D0F8BBB5-CE51-46C5-AADB-558ADBF36102}.Debug|Any CPU.ActiveCfg = Debug|Any CPU
		{D0F8BBB5-CE51-46C5-AADB-558ADBF36102}.Debug|Any CPU.Build.0 = Debug|Any CPU
		{D0F8BBB5-CE51-46C5-AADB-558ADBF36102}.Release|Any CPU.ActiveCfg = Release|Any CPU
		{D0F8BBB5-CE51-46C5-AADB-558ADBF36102}.Release|Any CPU.Build.0 = Release|Any CPU
	EndGlobalSection
	GlobalSection(SolutionProperties) = preSolution
		HideSolutionNode = FALSE
	EndGlobalSection
	GlobalSection(ExtensibilityGlobals) = postSolution
		SolutionGuid = {6911C482-B6E6-4475-881A-243E50B6B663}
	EndGlobalSection
EndGlobal
